
Microsoft Visual Studio Solution File, Format Version 12.00
# Visual Studio Version 16
VisualStudioVersion = 16.0.31410.357
MinimumVisualStudioVersion = 10.0.40219.1
Project("{9A19103F-16F7-4668-BE54-9A1E7A4F7556}") = "CompanyEmployees", "CompanyEmployees\CompanyEmployees.csproj", "{9284862A-A1A4-4324-AB8D-3BFEB7783EF2}"
EndProject
Project("{9A19103F-16F7-4668-BE54-9A1E7A4F7556}") = "Contracts", "Contracts\Contracts.csproj", "{6C68311C-40DD-4850-804F-2F1B2490598A}"
EndProject
Project("{9A19103F-16F7-4668-BE54-9A1E7A4F7556}") = "LoggerService", "LoggerService\LoggerService.csproj", "{41943B86-C92B-463F-AF56-D04AACCA19A5}"
	ProjectSection(ProjectDependencies) = postProject
		{6C68311C-40DD-4850-804F-2F1B2490598A} = {6C68311C-40DD-4850-804F-2F1B2490598A}
	EndProjectSection
EndProject
Project("{9A19103F-16F7-4668-BE54-9A1E7A4F7556}") = "Entities", "Entities\Entities.csproj", "{6689D237-8AA6-4382-BD7A-B94E95CD7A1C}"
EndProject
Project("{FAE04EC0-301F-11D3-BF4B-00C04F79EFBC}") = "Repository", "Repository\Repository.csproj", "{84563AC3-5205-4F0C-A3A8-393FFE5E4704}"
EndProject
Global
	GlobalSection(SolutionConfigurationPlatforms) = preSolution
		Debug|Any CPU = Debug|Any CPU
		Release|Any CPU = Release|Any CPU
	EndGlobalSection
	GlobalSection(ProjectConfigurationPlatforms) = postSolution
		{9284862A-A1A4-4324-AB8D-3BFEB7783EF2}.Debug|Any CPU.ActiveCfg = Debug|Any CPU
		{9284862A-A1A4-4324-AB8D-3BFEB7783EF2}.Debug|Any CPU.Build.0 = Debug|Any CPU
		{9284862A-A1A4-4324-AB8D-3BFEB7783EF2}.Release|Any CPU.ActiveCfg = Release|Any CPU
		{9284862A-A1A4-4324-AB8D-3BFEB7783EF2}.Release|Any CPU.Build.0 = Release|Any CPU
		{6C68311C-40DD-4850-804F-2F1B2490598A}.Debug|Any CPU.ActiveCfg = Debug|Any CPU
		{6C68311C-40DD-4850-804F-2F1B2490598A}.Debug|Any CPU.Build.0 = Debug|Any CPU
		{6C68311C-40DD-4850-804F-2F1B2490598A}.Release|Any CPU.ActiveCfg = Release|Any CPU
		{6C68311C-40DD-4850-804F-2F1B2490598A}.Release|Any CPU.Build.0 = Release|Any CPU
		{41943B86-C92B-463F-AF56-D04AACCA19A5}.Debug|Any CPU.ActiveCfg = Debug|Any CPU
		{41943B86-C92B-463F-AF56-D04AACCA19A5}.Debug|Any CPU.Build.0 = Debug|Any CPU
		{41943B86-C92B-463F-AF56-D04AACCA19A5}.Release|Any CPU.ActiveCfg = Release|Any CPU
		{41943B86-C92B-463F-AF56-D04AACCA19A5}.Release|Any CPU.Build.0 = Release|Any CPU
		{6689D237-8AA6-4382-BD7A-B94E95CD7A1C}.Debug|Any CPU.ActiveCfg = Debug|Any CPU
		{6689D237-8AA6-4382-BD7A-B94E95CD7A1C}.Debug|Any CPU.Build.0 = Debug|Any CPU
		{6689D237-8AA6-4382-BD7A-B94E95CD7A1C}.Release|Any CPU.ActiveCfg = Release|Any CPU
		{6689D237-8AA6-4382-BD7A-B94E95CD7A1C}.Release|Any CPU.Build.0 = Release|Any CPU
		{84563AC3-5205-4F0C-A3A8-393FFE5E4704}.Debug|Any CPU.ActiveCfg = Debug|Any CPU
		{84563AC3-5205-4F0C-A3A8-393FFE5E4704}.Debug|Any CPU.Build.0 = Debug|Any CPU
		{84563AC3-5205-4F0C-A3A8-393FFE5E4704}.Release|Any CPU.ActiveCfg = Release|Any CPU
		{84563AC3-5205-4F0C-A3A8-393FFE5E4704}.Release|Any CPU.Build.0 = Release|Any CPU
	EndGlobalSection
	GlobalSection(SolutionProperties) = preSolution
		HideSolutionNode = FALSE
	EndGlobalSection
	GlobalSection(ExtensibilityGlobals) = postSolution
		SolutionGuid = {9D263CD3-A005-4F27-B3E4-323C398BA8D0}
	EndGlobalSection
EndGlobal
